// !$*UTF8*$!
{
	archiveVersion = 1;
	classes = {
	};
	objectVersion = 47;
	objects = {

/* Begin PBXBuildFile section */
		AAF2AD611B04CE89002B58D1 /* test.cpp in Sources */ = {isa = PBXBuildFile; fileRef = AAF2AD601B04CE89002B58D1 /* test.cpp */; };
		AAF2AD691B04D1EE002B58D1 /* libluajit-5.1.2.1.0.dylib in Frameworks */ = {isa = PBXBuildFile; fileRef = AAF2AD681B04D1EE002B58D1 /* libluajit-5.1.2.1.0.dylib */; };
/* End PBXBuildFile section */

/* Begin PBXCopyFilesBuildPhase section */
		AAF2AD5B1B04CE89002B58D1 /* CopyFiles */ = {
			isa = PBXCopyFilesBuildPhase;
			buildActionMask = 2147483647;
			dstPath = /usr/share/man/man1/;
			dstSubfolderSpec = 0;
			files = (
			);
			runOnlyForDeploymentPostprocessing = 1;
		};
/* End PBXCopyFilesBuildPhase section */

/* Begin PBXFileReference section */
		AA0C53401B04D63700EA97E7 /* State.hpp */ = {isa = PBXFileReference; lastKnownFileType = sourcecode.cpp.h; path = State.hpp; sourceTree = "<group>"; };
		AA2A7BE41B04F2C10010C608 /* Utility.hpp */ = {isa = PBXFileReference; fileEncoding = 4; lastKnownFileType = sourcecode.cpp.h; path = Utility.hpp; sourceTree = "<group>"; };
		AA8F565F1B0654FB0068761B /* Selector.hpp */ = {isa = PBXFileReference; lastKnownFileType = sourcecode.cpp.h; path = Selector.hpp; sourceTree = "<group>"; };
		AAF2AD5D1B04CE89002B58D1 /* test */ = {isa = PBXFileReference; explicitFileType = "compiled.mach-o.executable"; includeInIndex = 0; path = test; sourceTree = BUILT_PRODUCTS_DIR; };
		AAF2AD601B04CE89002B58D1 /* test.cpp */ = {isa = PBXFileReference; lastKnownFileType = sourcecode.cpp.cpp; path = test.cpp; sourceTree = "<group>"; };
		AAF2AD661B04D015002B58D1 /* elsa.hpp */ = {isa = PBXFileReference; lastKnownFileType = sourcecode.cpp.h; path = elsa.hpp; sourceTree = "<group>"; };
		AAF2AD681B04D1EE002B58D1 /* libluajit-5.1.2.1.0.dylib */ = {isa = PBXFileReference; lastKnownFileType = "compiled.mach-o.dylib"; name = "libluajit-5.1.2.1.0.dylib"; path = "../../../../../usr/local/lib/libluajit-5.1.2.1.0.dylib"; sourceTree = "<group>"; };
/* End PBXFileReference section */

/* Begin PBXFrameworksBuildPhase section */
		AAF2AD5A1B04CE89002B58D1 /* Frameworks */ = {
			isa = PBXFrameworksBuildPhase;
			buildActionMask = 2147483647;
			files = (
				AAF2AD691B04D1EE002B58D1 /* libluajit-5.1.2.1.0.dylib in Frameworks */,
			);
			runOnlyForDeploymentPostprocessing = 0;
		};
/* End PBXFrameworksBuildPhase section */

/* Begin PBXGroup section */
		AA2EE5AB1B04CBD10057496A = {
			isa = PBXGroup;
			children = (
				AAF2AD681B04D1EE002B58D1 /* libluajit-5.1.2.1.0.dylib */,
				AAF2AD651B04CE9D002B58D1 /* include */,
				AAF2AD5F1B04CE89002B58D1 /* test */,
				AAF2AD5E1B04CE89002B58D1 /* Products */,
			);
			sourceTree = "<group>";
		};
		AAF2AD5E1B04CE89002B58D1 /* Products */ = {
			isa = PBXGroup;
			children = (
				AAF2AD5D1B04CE89002B58D1 /* test */,
			);
			name = Products;
			sourceTree = "<group>";
		};
		AAF2AD5F1B04CE89002B58D1 /* test */ = {
			isa = PBXGroup;
			children = (
				AAF2AD601B04CE89002B58D1 /* test.cpp */,
			);
			path = test;
			sourceTree = "<group>";
		};
		AAF2AD651B04CE9D002B58D1 /* include */ = {
			isa = PBXGroup;
			children = (
				AAF2AD671B04D076002B58D1 /* elsa */,
				AAF2AD661B04D015002B58D1 /* elsa.hpp */,
			);
			path = include;
			sourceTree = "<group>";
		};
		AAF2AD671B04D076002B58D1 /* elsa */ = {
			isa = PBXGroup;
			children = (
				AA2A7BE41B04F2C10010C608 /* Utility.hpp */,
				AA0C53401B04D63700EA97E7 /* State.hpp */,
				AA8F565F1B0654FB0068761B /* Selector.hpp */,
			);
			path = elsa;
			sourceTree = "<group>";
		};
/* End PBXGroup section */

/* Begin PBXNativeTarget section */
		AAF2AD5C1B04CE89002B58D1 /* test */ = {
			isa = PBXNativeTarget;
			buildConfigurationList = AAF2AD641B04CE89002B58D1 /* Build configuration list for PBXNativeTarget "test" */;
			buildPhases = (
				AAF2AD591B04CE89002B58D1 /* Sources */,
				AAF2AD5A1B04CE89002B58D1 /* Frameworks */,
				AAF2AD5B1B04CE89002B58D1 /* CopyFiles */,
			);
			buildRules = (
			);
			dependencies = (
			);
			name = test;
			productName = test;
			productReference = AAF2AD5D1B04CE89002B58D1 /* test */;
			productType = "com.apple.product-type.tool";
		};
/* End PBXNativeTarget section */

/* Begin PBXProject section */
		AA2EE5AC1B04CBD10057496A /* Project object */ = {
			isa = PBXProject;
			attributes = {
				LastUpgradeCheck = 0630;
				ORGANIZATIONNAME = Systemcluster;
				TargetAttributes = {
					AAF2AD5C1B04CE89002B58D1 = {
						CreatedOnToolsVersion = 6.3.1;
					};
				};
			};
			buildConfigurationList = AA2EE5AF1B04CBD10057496A /* Build configuration list for PBXProject "Elsa" */;
			compatibilityVersion = "Xcode 6.3";
			developmentRegion = English;
			hasScannedForEncodings = 0;
			knownRegions = (
				en,
			);
			mainGroup = AA2EE5AB1B04CBD10057496A;
			productRefGroup = AAF2AD5E1B04CE89002B58D1 /* Products */;
			projectDirPath = "";
			projectRoot = "";
			targets = (
				AAF2AD5C1B04CE89002B58D1 /* test */,
			);
		};
/* End PBXProject section */

/* Begin PBXSourcesBuildPhase section */
		AAF2AD591B04CE89002B58D1 /* Sources */ = {
			isa = PBXSourcesBuildPhase;
			buildActionMask = 2147483647;
			files = (
				AAF2AD611B04CE89002B58D1 /* test.cpp in Sources */,
			);
			runOnlyForDeploymentPostprocessing = 0;
		};
/* End PBXSourcesBuildPhase section */

/* Begin XCBuildConfiguration section */
		AA2EE5B01B04CBD10057496A /* Debug */ = {
			isa = XCBuildConfiguration;
			buildSettings = {
			};
			name = Debug;
		};
		AA2EE5B11B04CBD10057496A /* Release */ = {
			isa = XCBuildConfiguration;
			buildSettings = {
			};
			name = Release;
		};
		AAF2AD621B04CE89002B58D1 /* Debug */ = {
			isa = XCBuildConfiguration;
			buildSettings = {
				ALWAYS_SEARCH_USER_PATHS = NO;
				CLANG_CXX_LANGUAGE_STANDARD = "c++14";
				CLANG_CXX_LIBRARY = "libc++";
				CLANG_ENABLE_MODULES = YES;
				CLANG_ENABLE_OBJC_ARC = YES;
				CLANG_WARN_BOOL_CONVERSION = YES;
				CLANG_WARN_CONSTANT_CONVERSION = YES;
				CLANG_WARN_DIRECT_OBJC_ISA_USAGE = YES_ERROR;
				CLANG_WARN_EMPTY_BODY = YES;
				CLANG_WARN_ENUM_CONVERSION = YES;
				CLANG_WARN_INT_CONVERSION = YES;
				CLANG_WARN_OBJC_ROOT_CLASS = YES_ERROR;
				CLANG_WARN_UNREACHABLE_CODE = YES;
				CLANG_WARN__DUPLICATE_METHOD_MATCH = YES;
				COPY_PHASE_STRIP = NO;
				DEBUG_INFORMATION_FORMAT = dwarf;
				ENABLE_STRICT_OBJC_MSGSEND = YES;
				GCC_C_LANGUAGE_STANDARD = gnu99;
				GCC_DYNAMIC_NO_PIC = NO;
				GCC_NO_COMMON_BLOCKS = YES;
				GCC_OPTIMIZATION_LEVEL = 0;
				GCC_PREPROCESSOR_DEFINITIONS = (
					"DEBUG=1",
					"$(inherited)",
				);
				GCC_SYMBOLS_PRIVATE_EXTERN = NO;
				GCC_WARN_64_TO_32_BIT_CONVERSION = YES;
				GCC_WARN_ABOUT_RETURN_TYPE = YES_ERROR;
				GCC_WARN_UNDECLARED_SELECTOR = YES;
				GCC_WARN_UNINITIALIZED_AUTOS = YES_AGGRESSIVE;
				GCC_WARN_UNUSED_FUNCTION = YES;
				GCC_WARN_UNUSED_VARIABLE = YES;
				HEADER_SEARCH_PATHS = (
					"$(inherited)",
					"/usr/local/include/luajit-2.1",
					/usr/local/include,
					include,
				);
				LIBRARY_SEARCH_PATHS = /usr/local/lib;
				LLVM_LTO = YES;
				MACOSX_DEPLOYMENT_TARGET = 10.10;
				MTL_ENABLE_DEBUG_INFO = YES;
				ONLY_ACTIVE_ARCH = YES;
				OTHER_LDFLAGS = (
					"-pagezero_size",
					10000,
					"-image_base",
					100000000,
					"-v",
				);
				PRODUCT_NAME = "$(TARGET_NAME)";
				SDKROOT = macosx;
			};
			name = Debug;
		};
		AAF2AD631B04CE89002B58D1 /* Release */ = {
			isa = XCBuildConfiguration;
			buildSettings = {
				ALWAYS_SEARCH_USER_PATHS = NO;
				CLANG_CXX_LANGUAGE_STANDARD = "c++14";
				CLANG_CXX_LIBRARY = "libc++";
				CLANG_ENABLE_MODULES = YES;
				CLANG_ENABLE_OBJC_ARC = YES;
				CLANG_WARN_BOOL_CONVERSION = YES;
				CLANG_WARN_CONSTANT_CONVERSION = YES;
				CLANG_WARN_DIRECT_OBJC_ISA_USAGE = YES_ERROR;
				CLANG_WARN_EMPTY_BODY = YES;
				CLANG_WARN_ENUM_CONVERSION = YES;
				CLANG_WARN_INT_CONVERSION = YES;
				CLANG_WARN_OBJC_ROOT_CLASS = YES_ERROR;
				CLANG_WARN_UNREACHABLE_CODE = YES;
				CLANG_WARN__DUPLICATE_METHOD_MATCH = YES;
				COPY_PHASE_STRIP = NO;
				DEBUG_INFORMATION_FORMAT = "dwarf-with-dsym";
				ENABLE_NS_ASSERTIONS = NO;
				ENABLE_STRICT_OBJC_MSGSEND = YES;
				GCC_C_LANGUAGE_STANDARD = gnu99;
				GCC_NO_COMMON_BLOCKS = YES;
				GCC_WARN_64_TO_32_BIT_CONVERSION = YES;
				GCC_WARN_ABOUT_RETURN_TYPE = YES_ERROR;
				GCC_WARN_UNDECLARED_SELECTOR = YES;
				GCC_WARN_UNINITIALIZED_AUTOS = YES_AGGRESSIVE;
				GCC_WARN_UNUSED_FUNCTION = YES;
				GCC_WARN_UNUSED_VARIABLE = YES;
				HEADER_SEARCH_PATHS = (
					"$(inherited)",
					"/usr/local/include/luajit-2.1",
					/usr/local/include,
					include,
				);
				LIBRARY_SEARCH_PATHS = /usr/local/lib;
				MACOSX_DEPLOYMENT_TARGET = 10.10;
				MTL_ENABLE_DEBUG_INFO = NO;
				OTHER_LDFLAGS = (
					"-pagezero_size",
					10000,
					"-image_base",
					100000000,
					"-v",
				);
				PRODUCT_NAME = "$(TARGET_NAME)";
				SDKROOT = macosx;
			};
			name = Release;
		};
/* End XCBuildConfiguration section */

/* Begin XCConfigurationList section */
		AA2EE5AF1B04CBD10057496A /* Build configuration list for PBXProject "Elsa" */ = {
			isa = XCConfigurationList;
			buildConfigurations = (
				AA2EE5B01B04CBD10057496A /* Debug */,
				AA2EE5B11B04CBD10057496A /* Release */,
			);
			defaultConfigurationIsVisible = 0;
			defaultConfigurationName = Release;
		};
		AAF2AD641B04CE89002B58D1 /* Build configuration list for PBXNativeTarget "test" */ = {
			isa = XCConfigurationList;
			buildConfigurations = (
				AAF2AD621B04CE89002B58D1 /* Debug */,
				AAF2AD631B04CE89002B58D1 /* Release */,
			);
			defaultConfigurationIsVisible = 0;
			defaultConfigurationName = Release;
		};
/* End XCConfigurationList section */
	};
	rootObject = AA2EE5AC1B04CBD10057496A /* Project object */;
}
